
Microsoft Visual Studio Solution File, Format Version 11.00
# Visual Studio 2010
Project("{8BC9CEB8-8B4A-11D0-8D11-00A0C91BC942}") = "3d", "3d.vcxproj", "{E54A7F2A-3DF5-4581-9C1A-2EEDA3EA8830}"
EndProject
Project("{8BC9CEB8-8B4A-11D0-8D11-00A0C91BC942}") = "asyncio", "asyncio.vcxproj", "{F0E43450-3121-4EE5-AEA1-DE9C1CA64F23}"
EndProject
Project("{8BC9CEB8-8B4A-11D0-8D11-00A0C91BC942}") = "channel_groups", "channel_groups.vcxproj", "{E73D922E-08B0-45E1-B6C1-604939DDC2BE}"
EndProject
Project("{8BC9CEB8-8B4A-11D0-8D11-00A0C91BC942}") = "convolution_reverb", "convolution_reverb.vcxproj", "{3B747634-7DBB-4977-85EB-656AFD9F8C7B}"
EndProject
Project("{8BC9CEB8-8B4A-11D0-8D11-00A0C91BC942}") = "dsp_custom", "dsp_custom.vcxproj", "{081C809D-0E49-4DCF-B7AD-9037BBEFF615}"
EndProject
Project("{8BC9CEB8-8B4A-11D0-8D11-00A0C91BC942}") = "dsp_effect_per_speaker", "dsp_effect_per_speaker.vcxproj", "{9D8CED10-5304-45C9-94F8-27D4272968CD}"
EndProject
Project("{8BC9CEB8-8B4A-11D0-8D11-00A0C91BC942}") = "dsp_inspector", "dsp_inspector.vcxproj", "{122F26FA-CB0E-48DC-BFAB-E2CBAA127BEF}"
EndProject
Project("{8BC9CEB8-8B4A-11D0-8D11-00A0C91BC942}") = "effects", "effects.vcxproj", "{6DE38A8E-4FEF-417D-9AE2-CF11F921DA1D}"
EndProject
Project("{8BC9CEB8-8B4A-11D0-8D11-00A0C91BC942}") = "gapless_playback", "gapless_playback.vcxproj", "{567E5DE2-85E8-431A-BBD1-9684D2DE111A}"
EndProject
Project("{8BC9CEB8-8B4A-11D0-8D11-00A0C91BC942}") = "generate_tone", "generate_tone.vcxproj", "{F488E6A0-3041-4E38-A7E3-3398CC67B0DC}"
EndProject
Project("{8BC9CEB8-8B4A-11D0-8D11-00A0C91BC942}") = "granular_synth", "granular_synth.vcxproj", "{A10E55C9-688F-462D-8EE2-BD04190F7CAB}"
EndProject
Project("{8BC9CEB8-8B4A-11D0-8D11-00A0C91BC942}") = "load_from_memory", "load_from_memory.vcxproj", "{34240E0A-50B0-4964-A7E9-A67572DBEA3D}"
EndProject
Project("{8BC9CEB8-8B4A-11D0-8D11-00A0C91BC942}") = "multiple_speaker", "multiple_speaker.vcxproj", "{27C9F542-DFC5-44DC-9C02-D02602721589}"
EndProject
Project("{8BC9CEB8-8B4A-11D0-8D11-00A0C91BC942}") = "multiple_system", "multiple_system.vcxproj", "{F8743E75-E85A-43D0-A832-F34FBCF9CAB8}"
EndProject
Project("{8BC9CEB8-8B4A-11D0-8D11-00A0C91BC942}") = "net_stream", "net_stream.vcxproj", "{02E5EE13-FF39-4F3B-973F-30E3E1FC8C93}"
EndProject
Project("{8BC9CEB8-8B4A-11D0-8D11-00A0C91BC942}") = "play_sound", "play_sound.vcxproj", "{8ED256EA-3E81-425A-8CEE-0C2DA6A87CED}"
EndProject
Project("{8BC9CEB8-8B4A-11D0-8D11-00A0C91BC942}") = "play_stream", "play_stream.vcxproj", "{15E040F2-F39B-4004-BB19-41B57028D2A5}"
EndProject
Project("{8BC9CEB8-8B4A-11D0-8D11-00A0C91BC942}") = "record", "record.vcxproj", "{EF6A62F4-F78E-4414-A6B5-45F31299C6D1}"
EndProject
Project("{8BC9CEB8-8B4A-11D0-8D11-00A0C91BC942}") = "record_enumeration", "record_enumeration.vcxproj", "{9331A4C4-644A-4D1E-A9DD-77A800FE17FF}"
EndProject
Project("{8BC9CEB8-8B4A-11D0-8D11-00A0C91BC942}") = "user_created_sound", "user_created_sound.vcxproj", "{BA121737-F067-42CD-B8FE-8AEB68A07368}"
EndProject
Project("{8BC9CEB8-8B4A-11D0-8D11-00A0C91BC942}") = "fmod_codec_raw", "fmod_codec_raw.vcxproj", "{9DCAE125-E18C-4F66-BD68-166DF9F98659}"
EndProject
Project("{8BC9CEB8-8B4A-11D0-8D11-00A0C91BC942}") = "fmod_distance_filter", "fmod_distance_filter.vcxproj", "{D6CCF807-5147-46E2-BF94-41FB4B6C6D74}"
EndProject
Project("{8BC9CEB8-8B4A-11D0-8D11-00A0C91BC942}") = "fmod_gain", "fmod_gain.vcxproj", "{2BDED571-83CA-410D-AFBB-3DB0856BA66C}"
EndProject
Project("{8BC9CEB8-8B4A-11D0-8D11-00A0C91BC942}") = "fmod_noise", "fmod_noise.vcxproj", "{3C1E6EE0-2437-4084-8F76-555A1BB5C1CD}"
EndProject
Project("{8BC9CEB8-8B4A-11D0-8D11-00A0C91BC942}") = "output_mp3", "output_mp3.vcxproj", "{D92CE490-1F96-4BAE-B9F0-5D27DB74D963}"
EndProject
Global
	GlobalSection(SolutionConfigurationPlatforms) = preSolution
		Debug|Win32 = Debug|Win32
		Debug|x64 = Debug|x64
		Release|Win32 = Release|Win32
		Release|x64 = Release|x64
	EndGlobalSection
	GlobalSection(ProjectConfigurationPlatforms) = postSolution
		{E54A7F2A-3DF5-4581-9C1A-2EEDA3EA8830}.Debug|Win32.ActiveCfg = Debug|Win32
		{E54A7F2A-3DF5-4581-9C1A-2EEDA3EA8830}.Debug|Win32.Build.0 = Debug|Win32
		{E54A7F2A-3DF5-4581-9C1A-2EEDA3EA8830}.Debug|Win32.Deploy.0 = Debug|Win32
		{E54A7F2A-3DF5-4581-9C1A-2EEDA3EA8830}.Debug|x64.ActiveCfg = Debug|x64
		{E54A7F2A-3DF5-4581-9C1A-2EEDA3EA8830}.Debug|x64.Build.0 = Debug|x64
		{E54A7F2A-3DF5-4581-9C1A-2EEDA3EA8830}.Debug|x64.Deploy.0 = Debug|x64
		{E54A7F2A-3DF5-4581-9C1A-2EEDA3EA8830}.Release|Win32.ActiveCfg = Release|Win32
		{E54A7F2A-3DF5-4581-9C1A-2EEDA3EA8830}.Release|Win32.Build.0 = Release|Win32
		{E54A7F2A-3DF5-4581-9C1A-2EEDA3EA8830}.Release|Win32.Deploy.0 = Release|Win32
		{E54A7F2A-3DF5-4581-9C1A-2EEDA3EA8830}.Release|x64.ActiveCfg = Release|x64
		{E54A7F2A-3DF5-4581-9C1A-2EEDA3EA8830}.Release|x64.Build.0 = Release|x64
		{E54A7F2A-3DF5-4581-9C1A-2EEDA3EA8830}.Release|x64.Deploy.0 = Release|x64
		{F0E43450-3121-4EE5-AEA1-DE9C1CA64F23}.Debug|Win32.ActiveCfg = Debug|Win32
		{F0E43450-3121-4EE5-AEA1-DE9C1CA64F23}.Debug|Win32.Build.0 = Debug|Win32
		{F0E43450-3121-4EE5-AEA1-DE9C1CA64F23}.Debug|Win32.Deploy.0 = Debug|Win32
		{F0E43450-3121-4EE5-AEA1-DE9C1CA64F23}.Debug|x64.ActiveCfg = Debug|x64
		{F0E43450-3121-4EE5-AEA1-DE9C1CA64F23}.Debug|x64.Build.0 = Debug|x64
		{F0E43450-3121-4EE5-AEA1-DE9C1CA64F23}.Debug|x64.Deploy.0 = Debug|x64
		{F0E43450-3121-4EE5-AEA1-DE9C1CA64F23}.Release|Win32.ActiveCfg = Release|Win32
		{F0E43450-3121-4EE5-AEA1-DE9C1CA64F23}.Release|Win32.Build.0 = Release|Win32
		{F0E43450-3121-4EE5-AEA1-DE9C1CA64F23}.Release|Win32.Deploy.0 = Release|Win32
		{F0E43450-3121-4EE5-AEA1-DE9C1CA64F23}.Release|x64.ActiveCfg = Release|x64
		{F0E43450-3121-4EE5-AEA1-DE9C1CA64F23}.Release|x64.Build.0 = Release|x64
		{F0E43450-3121-4EE5-AEA1-DE9C1CA64F23}.Release|x64.Deploy.0 = Release|x64
		{E73D922E-08B0-45E1-B6C1-604939DDC2BE}.Debug|Win32.ActiveCfg = Debug|Win32
		{E73D922E-08B0-45E1-B6C1-604939DDC2BE}.Debug|Win32.Build.0 = Debug|Win32
		{E73D922E-08B0-45E1-B6C1-604939DDC2BE}.Debug|Win32.Deploy.0 = Debug|Win32
		{E73D922E-08B0-45E1-B6C1-604939DDC2BE}.Debug|x64.ActiveCfg = Debug|x64
		{E73D922E-08B0-45E1-B6C1-604939DDC2BE}.Debug|x64.Build.0 = Debug|x64
		{E73D922E-08B0-45E1-B6C1-604939DDC2BE}.Debug|x64.Deploy.0 = Debug|x64
		{E73D922E-08B0-45E1-B6C1-604939DDC2BE}.Release|Win32.ActiveCfg = Release|Win32
		{E73D922E-08B0-45E1-B6C1-604939DDC2BE}.Release|Win32.Build.0 = Release|Win32
		{E73D922E-08B0-45E1-B6C1-604939DDC2BE}.Release|Win32.Deploy.0 = Release|Win32
		{E73D922E-08B0-45E1-B6C1-604939DDC2BE}.Release|x64.ActiveCfg = Release|x64
		{E73D922E-08B0-45E1-B6C1-604939DDC2BE}.Release|x64.Build.0 = Release|x64
		{E73D922E-08B0-45E1-B6C1-604939DDC2BE}.Release|x64.Deploy.0 = Release|x64
		{3B747634-7DBB-4977-85EB-656AFD9F8C7B}.Debug|Win32.ActiveCfg = Debug|Win32
		{3B747634-7DBB-4977-85EB-656AFD9F8C7B}.Debug|Win32.Build.0 = Debug|Win32
		{3B747634-7DBB-4977-85EB-656AFD9F8C7B}.Debug|Win32.Deploy.0 = Debug|Win32
		{3B747634-7DBB-4977-85EB-656AFD9F8C7B}.Debug|x64.ActiveCfg = Debug|x64
		{3B747634-7DBB-4977-85EB-656AFD9F8C7B}.Debug|x64.Build.0 = Debug|x64
		{3B747634-7DBB-4977-85EB-656AFD9F8C7B}.Debug|x64.Deploy.0 = Debug|x64
		{3B747634-7DBB-4977-85EB-656AFD9F8C7B}.Release|Win32.ActiveCfg = Release|Win32
		{3B747634-7DBB-4977-85EB-656AFD9F8C7B}.Release|Win32.Build.0 = Release|Win32
		{3B747634-7DBB-4977-85EB-656AFD9F8C7B}.Release|Win32.Deploy.0 = Release|Win32
		{3B747634-7DBB-4977-85EB-656AFD9F8C7B}.Release|x64.ActiveCfg = Release|x64
		{3B747634-7DBB-4977-85EB-656AFD9F8C7B}.Release|x64.Build.0 = Release|x64
		{3B747634-7DBB-4977-85EB-656AFD9F8C7B}.Release|x64.Deploy.0 = Release|x64
		{081C809D-0E49-4DCF-B7AD-9037BBEFF615}.Debug|Win32.ActiveCfg = Debug|Win32
		{081C809D-0E49-4DCF-B7AD-9037BBEFF615}.Debug|Win32.Build.0 = Debug|Win32
		{081C809D-0E49-4DCF-B7AD-9037BBEFF615}.Debug|Win32.Deploy.0 = Debug|Win32
		{081C809D-0E49-4DCF-B7AD-9037BBEFF615}.Debug|x64.ActiveCfg = Debug|x64
		{081C809D-0E49-4DCF-B7AD-9037BBEFF615}.Debug|x64.Build.0 = Debug|x64
		{081C809D-0E49-4DCF-B7AD-9037BBEFF615}.Debug|x64.Deploy.0 = Debug|x64
		{081C809D-0E49-4DCF-B7AD-9037BBEFF615}.Release|Win32.ActiveCfg = Release|Win32
		{081C809D-0E49-4DCF-B7AD-9037BBEFF615}.Release|Win32.Build.0 = Release|Win32
		{081C809D-0E49-4DCF-B7AD-9037BBEFF615}.Release|Win32.Deploy.0 = Release|Win32
		{081C809D-0E49-4DCF-B7AD-9037BBEFF615}.Release|x64.ActiveCfg = Release|x64
		{081C809D-0E49-4DCF-B7AD-9037BBEFF615}.Release|x64.Build.0 = Release|x64
		{081C809D-0E49-4DCF-B7AD-9037BBEFF615}.Release|x64.Deploy.0 = Release|x64
		{9D8CED10-5304-45C9-94F8-27D4272968CD}.Debug|Win32.ActiveCfg = Debug|Win32
		{9D8CED10-5304-45C9-94F8-27D4272968CD}.Debug|Win32.Build.0 = Debug|Win32
		{9D8CED10-5304-45C9-94F8-27D4272968CD}.Debug|Win32.Deploy.0 = Debug|Win32
		{9D8CED10-5304-45C9-94F8-27D4272968CD}.Debug|x64.ActiveCfg = Debug|x64
		{9D8CED10-5304-45C9-94F8-27D4272968CD}.Debug|x64.Build.0 = Debug|x64
		{9D8CED10-5304-45C9-94F8-27D4272968CD}.Debug|x64.Deploy.0 = Debug|x64
		{9D8CED10-5304-45C9-94F8-27D4272968CD}.Release|Win32.ActiveCfg = Release|Win32
		{9D8CED10-5304-45C9-94F8-27D4272968CD}.Release|Win32.Build.0 = Release|Win32
		{9D8CED10-5304-45C9-94F8-27D4272968CD}.Release|Win32.Deploy.0 = Release|Win32
		{9D8CED10-5304-45C9-94F8-27D4272968CD}.Release|x64.ActiveCfg = Release|x64
		{9D8CED10-5304-45C9-94F8-27D4272968CD}.Release|x64.Build.0 = Release|x64
		{9D8CED10-5304-45C9-94F8-27D4272968CD}.Release|x64.Deploy.0 = Release|x64
		{122F26FA-CB0E-48DC-BFAB-E2CBAA127BEF}.Debug|Win32.ActiveCfg = Debug|Win32
		{122F26FA-CB0E-48DC-BFAB-E2CBAA127BEF}.Debug|Win32.Build.0 = Debug|Win32
		{122F26FA-CB0E-48DC-BFAB-E2CBAA127BEF}.Debug|Win32.Deploy.0 = Debug|Win32
		{122F26FA-CB0E-48DC-BFAB-E2CBAA127BEF}.Debug|x64.ActiveCfg = Debug|x64
		{122F26FA-CB0E-48DC-BFAB-E2CBAA127BEF}.Debug|x64.Build.0 = Debug|x64
		{122F26FA-CB0E-48DC-BFAB-E2CBAA127BEF}.Debug|x64.Deploy.0 = Debug|x64
		{122F26FA-CB0E-48DC-BFAB-E2CBAA127BEF}.Release|Win32.ActiveCfg = Release|Win32
		{122F26FA-CB0E-48DC-BFAB-E2CBAA127BEF}.Release|Win32.Build.0 = Release|Win32
		{122F26FA-CB0E-48DC-BFAB-E2CBAA127BEF}.Release|Win32.Deploy.0 = Release|Win32
		{122F26FA-CB0E-48DC-BFAB-E2CBAA127BEF}.Release|x64.ActiveCfg = Release|x64
		{122F26FA-CB0E-48DC-BFAB-E2CBAA127BEF}.Release|x64.Build.0 = Release|x64
		{122F26FA-CB0E-48DC-BFAB-E2CBAA127BEF}.Release|x64.Deploy.0 = Release|x64
		{6DE38A8E-4FEF-417D-9AE2-CF11F921DA1D}.Debug|Win32.ActiveCfg = Debug|Win32
		{6DE38A8E-4FEF-417D-9AE2-CF11F921DA1D}.Debug|Win32.Build.0 = Debug|Win32
		{6DE38A8E-4FEF-417D-9AE2-CF11F921DA1D}.Debug|Win32.Deploy.0 = Debug|Win32
		{6DE38A8E-4FEF-417D-9AE2-CF11F921DA1D}.Debug|x64.ActiveCfg = Debug|x64
		{6DE38A8E-4FEF-417D-9AE2-CF11F921DA1D}.Debug|x64.Build.0 = Debug|x64
		{6DE38A8E-4FEF-417D-9AE2-CF11F921DA1D}.Debug|x64.Deploy.0 = Debug|x64
		{6DE38A8E-4FEF-417D-9AE2-CF11F921DA1D}.Release|Win32.ActiveCfg = Release|Win32
		{6DE38A8E-4FEF-417D-9AE2-CF11F921DA1D}.Release|Win32.Build.0 = Release|Win32
		{6DE38A8E-4FEF-417D-9AE2-CF11F921DA1D}.Release|Win32.Deploy.0 = Release|Win32
		{6DE38A8E-4FEF-417D-9AE2-CF11F921DA1D}.Release|x64.ActiveCfg = Release|x64
		{6DE38A8E-4FEF-417D-9AE2-CF11F921DA1D}.Release|x64.Build.0 = Release|x64
		{6DE38A8E-4FEF-417D-9AE2-CF11F921DA1D}.Release|x64.Deploy.0 = Release|x64
		{567E5DE2-85E8-431A-BBD1-9684D2DE111A}.Debug|Win32.ActiveCfg = Debug|Win32
		{567E5DE2-85E8-431A-BBD1-9684D2DE111A}.Debug|Win32.Build.0 = Debug|Win32
		{567E5DE2-85E8-431A-BBD1-9684D2DE111A}.Debug|Win32.Deploy.0 = Debug|Win32
		{567E5DE2-85E8-431A-BBD1-9684D2DE111A}.Debug|x64.ActiveCfg = Debug|x64
		{567E5DE2-85E8-431A-BBD1-9684D2DE111A}.Debug|x64.Build.0 = Debug|x64
		{567E5DE2-85E8-431A-BBD1-9684D2DE111A}.Debug|x64.Deploy.0 = Debug|x64
		{567E5DE2-85E8-431A-BBD1-9684D2DE111A}.Release|Win32.ActiveCfg = Release|Win32
		{567E5DE2-85E8-431A-BBD1-9684D2DE111A}.Release|Win32.Build.0 = Release|Win32
		{567E5DE2-85E8-431A-BBD1-9684D2DE111A}.Release|Win32.Deploy.0 = Release|Win32
		{567E5DE2-85E8-431A-BBD1-9684D2DE111A}.Release|x64.ActiveCfg = Release|x64
		{567E5DE2-85E8-431A-BBD1-9684D2DE111A}.Release|x64.Build.0 = Release|x64
		{567E5DE2-85E8-431A-BBD1-9684D2DE111A}.Release|x64.Deploy.0 = Release|x64
		{F488E6A0-3041-4E38-A7E3-3398CC67B0DC}.Debug|Win32.ActiveCfg = Debug|Win32
		{F488E6A0-3041-4E38-A7E3-3398CC67B0DC}.Debug|Win32.Build.0 = Debug|Win32
		{F488E6A0-3041-4E38-A7E3-3398CC67B0DC}.Debug|Win32.Deploy.0 = Debug|Win32
		{F488E6A0-3041-4E38-A7E3-3398CC67B0DC}.Debug|x64.ActiveCfg = Debug|x64
		{F488E6A0-3041-4E38-A7E3-3398CC67B0DC}.Debug|x64.Build.0 = Debug|x64
		{F488E6A0-3041-4E38-A7E3-3398CC67B0DC}.Debug|x64.Deploy.0 = Debug|x64
		{F488E6A0-3041-4E38-A7E3-3398CC67B0DC}.Release|Win32.ActiveCfg = Release|Win32
		{F488E6A0-3041-4E38-A7E3-3398CC67B0DC}.Release|Win32.Build.0 = Release|Win32
		{F488E6A0-3041-4E38-A7E3-3398CC67B0DC}.Release|Win32.Deploy.0 = Release|Win32
		{F488E6A0-3041-4E38-A7E3-3398CC67B0DC}.Release|x64.ActiveCfg = Release|x64
		{F488E6A0-3041-4E38-A7E3-3398CC67B0DC}.Release|x64.Build.0 = Release|x64
		{F488E6A0-3041-4E38-A7E3-3398CC67B0DC}.Release|x64.Deploy.0 = Release|x64
		{A10E55C9-688F-462D-8EE2-BD04190F7CAB}.Debug|Win32.ActiveCfg = Debug|Win32
		{A10E55C9-688F-462D-8EE2-BD04190F7CAB}.Debug|Win32.Build.0 = Debug|Win32
		{A10E55C9-688F-462D-8EE2-BD04190F7CAB}.Debug|Win32.Deploy.0 = Debug|Win32
		{A10E55C9-688F-462D-8EE2-BD04190F7CAB}.Debug|x64.ActiveCfg = Debug|x64
		{A10E55C9-688F-462D-8EE2-BD04190F7CAB}.Debug|x64.Build.0 = Debug|x64
		{A10E55C9-688F-462D-8EE2-BD04190F7CAB}.Debug|x64.Deploy.0 = Debug|x64
		{A10E55C9-688F-462D-8EE2-BD04190F7CAB}.Release|Win32.ActiveCfg = Release|Win32
		{A10E55C9-688F-462D-8EE2-BD04190F7CAB}.Release|Win32.Build.0 = Release|Win32
		{A10E55C9-688F-462D-8EE2-BD04190F7CAB}.Release|Win32.Deploy.0 = Release|Win32
		{A10E55C9-688F-462D-8EE2-BD04190F7CAB}.Release|x64.ActiveCfg = Release|x64
		{A10E55C9-688F-462D-8EE2-BD04190F7CAB}.Release|x64.Build.0 = Release|x64
		{A10E55C9-688F-462D-8EE2-BD04190F7CAB}.Release|x64.Deploy.0 = Release|x64
		{34240E0A-50B0-4964-A7E9-A67572DBEA3D}.Debug|Win32.ActiveCfg = Debug|Win32
		{34240E0A-50B0-4964-A7E9-A67572DBEA3D}.Debug|Win32.Build.0 = Debug|Win32
		{34240E0A-50B0-4964-A7E9-A67572DBEA3D}.Debug|Win32.Deploy.0 = Debug|Win32
		{34240E0A-50B0-4964-A7E9-A67572DBEA3D}.Debug|x64.ActiveCfg = Debug|x64
		{34240E0A-50B0-4964-A7E9-A67572DBEA3D}.Debug|x64.Build.0 = Debug|x64
		{34240E0A-50B0-4964-A7E9-A67572DBEA3D}.Debug|x64.Deploy.0 = Debug|x64
		{34240E0A-50B0-4964-A7E9-A67572DBEA3D}.Release|Win32.ActiveCfg = Release|Win32
		{34240E0A-50B0-4964-A7E9-A67572DBEA3D}.Release|Win32.Build.0 = Release|Win32
		{34240E0A-50B0-4964-A7E9-A67572DBEA3D}.Release|Win32.Deploy.0 = Release|Win32
		{34240E0A-50B0-4964-A7E9-A67572DBEA3D}.Release|x64.ActiveCfg = Release|x64
		{34240E0A-50B0-4964-A7E9-A67572DBEA3D}.Release|x64.Build.0 = Release|x64
		{34240E0A-50B0-4964-A7E9-A67572DBEA3D}.Release|x64.Deploy.0 = Release|x64
		{27C9F542-DFC5-44DC-9C02-D02602721589}.Debug|Win32.ActiveCfg = Debug|Win32
		{27C9F542-DFC5-44DC-9C02-D02602721589}.Debug|Win32.Build.0 = Debug|Win32
		{27C9F542-DFC5-44DC-9C02-D02602721589}.Debug|Win32.Deploy.0 = Debug|Win32
		{27C9F542-DFC5-44DC-9C02-D02602721589}.Debug|x64.ActiveCfg = Debug|x64
		{27C9F542-DFC5-44DC-9C02-D02602721589}.Debug|x64.Build.0 = Debug|x64
		{27C9F542-DFC5-44DC-9C02-D02602721589}.Debug|x64.Deploy.0 = Debug|x64
		{27C9F542-DFC5-44DC-9C02-D02602721589}.Release|Win32.ActiveCfg = Release|Win32
		{27C9F542-DFC5-44DC-9C02-D02602721589}.Release|Win32.Build.0 = Release|Win32
		{27C9F542-DFC5-44DC-9C02-D02602721589}.Release|Win32.Deploy.0 = Release|Win32
		{27C9F542-DFC5-44DC-9C02-D02602721589}.Release|x64.ActiveCfg = Release|x64
		{27C9F542-DFC5-44DC-9C02-D02602721589}.Release|x64.Build.0 = Release|x64
		{27C9F542-DFC5-44DC-9C02-D02602721589}.Release|x64.Deploy.0 = Release|x64
		{F8743E75-E85A-43D0-A832-F34FBCF9CAB8}.Debug|Win32.ActiveCfg = Debug|Win32
		{F8743E75-E85A-43D0-A832-F34FBCF9CAB8}.Debug|Win32.Build.0 = Debug|Win32
		{F8743E75-E85A-43D0-A832-F34FBCF9CAB8}.Debug|Win32.Deploy.0 = Debug|Win32
		{F8743E75-E85A-43D0-A832-F34FBCF9CAB8}.Debug|x64.ActiveCfg = Debug|x64
		{F8743E75-E85A-43D0-A832-F34FBCF9CAB8}.Debug|x64.Build.0 = Debug|x64
		{F8743E75-E85A-43D0-A832-F34FBCF9CAB8}.Debug|x64.Deploy.0 = Debug|x64
		{F8743E75-E85A-43D0-A832-F34FBCF9CAB8}.Release|Win32.ActiveCfg = Release|Win32
		{F8743E75-E85A-43D0-A832-F34FBCF9CAB8}.Release|Win32.Build.0 = Release|Win32
		{F8743E75-E85A-43D0-A832-F34FBCF9CAB8}.Release|Win32.Deploy.0 = Release|Win32
		{F8743E75-E85A-43D0-A832-F34FBCF9CAB8}.Release|x64.ActiveCfg = Release|x64
		{F8743E75-E85A-43D0-A832-F34FBCF9CAB8}.Release|x64.Build.0 = Release|x64
		{F8743E75-E85A-43D0-A832-F34FBCF9CAB8}.Release|x64.Deploy.0 = Release|x64
		{02E5EE13-FF39-4F3B-973F-30E3E1FC8C93}.Debug|Win32.ActiveCfg = Debug|Win32
		{02E5EE13-FF39-4F3B-973F-30E3E1FC8C93}.Debug|Win32.Build.0 = Debug|Win32
		{02E5EE13-FF39-4F3B-973F-30E3E1FC8C93}.Debug|Win32.Deploy.0 = Debug|Win32
		{02E5EE13-FF39-4F3B-973F-30E3E1FC8C93}.Debug|x64.ActiveCfg = Debug|x64
		{02E5EE13-FF39-4F3B-973F-30E3E1FC8C93}.Debug|x64.Build.0 = Debug|x64
		{02E5EE13-FF39-4F3B-973F-30E3E1FC8C93}.Debug|x64.Deploy.0 = Debug|x64
		{02E5EE13-FF39-4F3B-973F-30E3E1FC8C93}.Release|Win32.ActiveCfg = Release|Win32
		{02E5EE13-FF39-4F3B-973F-30E3E1FC8C93}.Release|Win32.Build.0 = Release|Win32
		{02E5EE13-FF39-4F3B-973F-30E3E1FC8C93}.Release|Win32.Deploy.0 = Release|Win32
		{02E5EE13-FF39-4F3B-973F-30E3E1FC8C93}.Release|x64.ActiveCfg = Release|x64
		{02E5EE13-FF39-4F3B-973F-30E3E1FC8C93}.Release|x64.Build.0 = Release|x64
		{02E5EE13-FF39-4F3B-973F-30E3E1FC8C93}.Release|x64.Deploy.0 = Release|x64
		{8ED256EA-3E81-425A-8CEE-0C2DA6A87CED}.Debug|Win32.ActiveCfg = Debug|Win32
		{8ED256EA-3E81-425A-8CEE-0C2DA6A87CED}.Debug|Win32.Build.0 = Debug|Win32
		{8ED256EA-3E81-425A-8CEE-0C2DA6A87CED}.Debug|Win32.Deploy.0 = Debug|Win32
		{8ED256EA-3E81-425A-8CEE-0C2DA6A87CED}.Debug|x64.ActiveCfg = Debug|x64
		{8ED256EA-3E81-425A-8CEE-0C2DA6A87CED}.Debug|x64.Build.0 = Debug|x64
		{8ED256EA-3E81-425A-8CEE-0C2DA6A87CED}.Debug|x64.Deploy.0 = Debug|x64
		{8ED256EA-3E81-425A-8CEE-0C2DA6A87CED}.Release|Win32.ActiveCfg = Release|Win32
		{8ED256EA-3E81-425A-8CEE-0C2DA6A87CED}.Release|Win32.Build.0 = Release|Win32
		{8ED256EA-3E81-425A-8CEE-0C2DA6A87CED}.Release|Win32.Deploy.0 = Release|Win32
		{8ED256EA-3E81-425A-8CEE-0C2DA6A87CED}.Release|x64.ActiveCfg = Release|x64
		{8ED256EA-3E81-425A-8CEE-0C2DA6A87CED}.Release|x64.Build.0 = Release|x64
		{8ED256EA-3E81-425A-8CEE-0C2DA6A87CED}.Release|x64.Deploy.0 = Release|x64
		{15E040F2-F39B-4004-BB19-41B57028D2A5}.Debug|Win32.ActiveCfg = Debug|Win32
		{15E040F2-F39B-4004-BB19-41B57028D2A5}.Debug|Win32.Build.0 = Debug|Win32
		{15E040F2-F39B-4004-BB19-41B57028D2A5}.Debug|Win32.Deploy.0 = Debug|Win32
		{15E040F2-F39B-4004-BB19-41B57028D2A5}.Debug|x64.ActiveCfg = Debug|x64
		{15E040F2-F39B-4004-BB19-41B57028D2A5}.Debug|x64.Build.0 = Debug|x64
		{15E040F2-F39B-4004-BB19-41B57028D2A5}.Debug|x64.Deploy.0 = Debug|x64
		{15E040F2-F39B-4004-BB19-41B57028D2A5}.Release|Win32.ActiveCfg = Release|Win32
		{15E040F2-F39B-4004-BB19-41B57028D2A5}.Release|Win32.Build.0 = Release|Win32
		{15E040F2-F39B-4004-BB19-41B57028D2A5}.Release|Win32.Deploy.0 = Release|Win32
		{15E040F2-F39B-4004-BB19-41B57028D2A5}.Release|x64.ActiveCfg = Release|x64
		{15E040F2-F39B-4004-BB19-41B57028D2A5}.Release|x64.Build.0 = Release|x64
		{15E040F2-F39B-4004-BB19-41B57028D2A5}.Release|x64.Deploy.0 = Release|x64
		{EF6A62F4-F78E-4414-A6B5-45F31299C6D1}.Debug|Win32.ActiveCfg = Debug|Win32
		{EF6A62F4-F78E-4414-A6B5-45F31299C6D1}.Debug|Win32.Build.0 = Debug|Win32
		{EF6A62F4-F78E-4414-A6B5-45F31299C6D1}.Debug|Win32.Deploy.0 = Debug|Win32
		{EF6A62F4-F78E-4414-A6B5-45F31299C6D1}.Debug|x64.ActiveCfg = Debug|x64
		{EF6A62F4-F78E-4414-A6B5-45F31299C6D1}.Debug|x64.Build.0 = Debug|x64
		{EF6A62F4-F78E-4414-A6B5-45F31299C6D1}.Debug|x64.Deploy.0 = Debug|x64
		{EF6A62F4-F78E-4414-A6B5-45F31299C6D1}.Release|Win32.ActiveCfg = Release|Win32
		{EF6A62F4-F78E-4414-A6B5-45F31299C6D1}.Release|Win32.Build.0 = Release|Win32
		{EF6A62F4-F78E-4414-A6B5-45F31299C6D1}.Release|Win32.Deploy.0 = Release|Win32
		{EF6A62F4-F78E-4414-A6B5-45F31299C6D1}.Release|x64.ActiveCfg = Release|x64
		{EF6A62F4-F78E-4414-A6B5-45F31299C6D1}.Release|x64.Build.0 = Release|x64
		{EF6A62F4-F78E-4414-A6B5-45F31299C6D1}.Release|x64.Deploy.0 = Release|x64
		{9331A4C4-644A-4D1E-A9DD-77A800FE17FF}.Debug|Win32.ActiveCfg = Debug|Win32
		{9331A4C4-644A-4D1E-A9DD-77A800FE17FF}.Debug|Win32.Build.0 = Debug|Win32
		{9331A4C4-644A-4D1E-A9DD-77A800FE17FF}.Debug|Win32.Deploy.0 = Debug|Win32
		{9331A4C4-644A-4D1E-A9DD-77A800FE17FF}.Debug|x64.ActiveCfg = Debug|x64
		{9331A4C4-644A-4D1E-A9DD-77A800FE17FF}.Debug|x64.Build.0 = Debug|x64
		{9331A4C4-644A-4D1E-A9DD-77A800FE17FF}.Debug|x64.Deploy.0 = Debug|x64
		{9331A4C4-644A-4D1E-A9DD-77A800FE17FF}.Release|Win32.ActiveCfg = Release|Win32
		{9331A4C4-644A-4D1E-A9DD-77A800FE17FF}.Release|Win32.Build.0 = Release|Win32
		{9331A4C4-644A-4D1E-A9DD-77A800FE17FF}.Release|Win32.Deploy.0 = Release|Win32
		{9331A4C4-644A-4D1E-A9DD-77A800FE17FF}.Release|x64.ActiveCfg = Release|x64
		{9331A4C4-644A-4D1E-A9DD-77A800FE17FF}.Release|x64.Build.0 = Release|x64
		{9331A4C4-644A-4D1E-A9DD-77A800FE17FF}.Release|x64.Deploy.0 = Release|x64
		{BA121737-F067-42CD-B8FE-8AEB68A07368}.Debug|Win32.ActiveCfg = Debug|Win32
		{BA121737-F067-42CD-B8FE-8AEB68A07368}.Debug|Win32.Build.0 = Debug|Win32
		{BA121737-F067-42CD-B8FE-8AEB68A07368}.Debug|Win32.Deploy.0 = Debug|Win32
		{BA121737-F067-42CD-B8FE-8AEB68A07368}.Debug|x64.ActiveCfg = Debug|x64
		{BA121737-F067-42CD-B8FE-8AEB68A07368}.Debug|x64.Build.0 = Debug|x64
		{BA121737-F067-42CD-B8FE-8AEB68A07368}.Debug|x64.Deploy.0 = Debug|x64
		{BA121737-F067-42CD-B8FE-8AEB68A07368}.Release|Win32.ActiveCfg = Release|Win32
		{BA121737-F067-42CD-B8FE-8AEB68A07368}.Release|Win32.Build.0 = Release|Win32
		{BA121737-F067-42CD-B8FE-8AEB68A07368}.Release|Win32.Deploy.0 = Release|Win32
		{BA121737-F067-42CD-B8FE-8AEB68A07368}.Release|x64.ActiveCfg = Release|x64
		{BA121737-F067-42CD-B8FE-8AEB68A07368}.Release|x64.Build.0 = Release|x64
		{BA121737-F067-42CD-B8FE-8AEB68A07368}.Release|x64.Deploy.0 = Release|x64
		{9DCAE125-E18C-4F66-BD68-166DF9F98659}.Debug|Win32.ActiveCfg = Debug|Win32
		{9DCAE125-E18C-4F66-BD68-166DF9F98659}.Debug|Win32.Build.0 = Debug|Win32
		{9DCAE125-E18C-4F66-BD68-166DF9F98659}.Debug|Win32.Deploy.0 = Debug|Win32
		{9DCAE125-E18C-4F66-BD68-166DF9F98659}.Debug|x64.ActiveCfg = Debug|x64
		{9DCAE125-E18C-4F66-BD68-166DF9F98659}.Debug|x64.Build.0 = Debug|x64
		{9DCAE125-E18C-4F66-BD68-166DF9F98659}.Debug|x64.Deploy.0 = Debug|x64
		{9DCAE125-E18C-4F66-BD68-166DF9F98659}.Release|Win32.ActiveCfg = Release|Win32
		{9DCAE125-E18C-4F66-BD68-166DF9F98659}.Release|Win32.Build.0 = Release|Win32
		{9DCAE125-E18C-4F66-BD68-166DF9F98659}.Release|Win32.Deploy.0 = Release|Win32
		{9DCAE125-E18C-4F66-BD68-166DF9F98659}.Release|x64.ActiveCfg = Release|x64
		{9DCAE125-E18C-4F66-BD68-166DF9F98659}.Release|x64.Build.0 = Release|x64
		{9DCAE125-E18C-4F66-BD68-166DF9F98659}.Release|x64.Deploy.0 = Release|x64
		{D6CCF807-5147-46E2-BF94-41FB4B6C6D74}.Debug|Win32.ActiveCfg = Debug|Win32
		{D6CCF807-5147-46E2-BF94-41FB4B6C6D74}.Debug|Win32.Build.0 = Debug|Win32
		{D6CCF807-5147-46E2-BF94-41FB4B6C6D74}.Debug|Win32.Deploy.0 = Debug|Win32
		{D6CCF807-5147-46E2-BF94-41FB4B6C6D74}.Debug|x64.ActiveCfg = Debug|x64
		{D6CCF807-5147-46E2-BF94-41FB4B6C6D74}.Debug|x64.Build.0 = Debug|x64
		{D6CCF807-5147-46E2-BF94-41FB4B6C6D74}.Debug|x64.Deploy.0 = Debug|x64
		{D6CCF807-5147-46E2-BF94-41FB4B6C6D74}.Release|Win32.ActiveCfg = Release|Win32
		{D6CCF807-5147-46E2-BF94-41FB4B6C6D74}.Release|Win32.Build.0 = Release|Win32
		{D6CCF807-5147-46E2-BF94-41FB4B6C6D74}.Release|Win32.Deploy.0 = Release|Win32
		{D6CCF807-5147-46E2-BF94-41FB4B6C6D74}.Release|x64.ActiveCfg = Release|x64
		{D6CCF807-5147-46E2-BF94-41FB4B6C6D74}.Release|x64.Build.0 = Release|x64
		{D6CCF807-5147-46E2-BF94-41FB4B6C6D74}.Release|x64.Deploy.0 = Release|x64
		{2BDED571-83CA-410D-AFBB-3DB0856BA66C}.Debug|Win32.ActiveCfg = Debug|Win32
		{2BDED571-83CA-410D-AFBB-3DB0856BA66C}.Debug|Win32.Build.0 = Debug|Win32
		{2BDED571-83CA-410D-AFBB-3DB0856BA66C}.Debug|Win32.Deploy.0 = Debug|Win32
		{2BDED571-83CA-410D-AFBB-3DB0856BA66C}.Debug|x64.ActiveCfg = Debug|x64
		{2BDED571-83CA-410D-AFBB-3DB0856BA66C}.Debug|x64.Build.0 = Debug|x64
		{2BDED571-83CA-410D-AFBB-3DB0856BA66C}.Debug|x64.Deploy.0 = Debug|x64
		{2BDED571-83CA-410D-AFBB-3DB0856BA66C}.Release|Win32.ActiveCfg = Release|Win32
		{2BDED571-83CA-410D-AFBB-3DB0856BA66C}.Release|Win32.Build.0 = Release|Win32
		{2BDED571-83CA-410D-AFBB-3DB0856BA66C}.Release|Win32.Deploy.0 = Release|Win32
		{2BDED571-83CA-410D-AFBB-3DB0856BA66C}.Release|x64.ActiveCfg = Release|x64
		{2BDED571-83CA-410D-AFBB-3DB0856BA66C}.Release|x64.Build.0 = Release|x64
		{2BDED571-83CA-410D-AFBB-3DB0856BA66C}.Release|x64.Deploy.0 = Release|x64
		{3C1E6EE0-2437-4084-8F76-555A1BB5C1CD}.Debug|Win32.ActiveCfg = Debug|Win32
		{3C1E6EE0-2437-4084-8F76-555A1BB5C1CD}.Debug|Win32.Build.0 = Debug|Win32
		{3C1E6EE0-2437-4084-8F76-555A1BB5C1CD}.Debug|Win32.Deploy.0 = Debug|Win32
		{3C1E6EE0-2437-4084-8F76-555A1BB5C1CD}.Debug|x64.ActiveCfg = Debug|x64
		{3C1E6EE0-2437-4084-8F76-555A1BB5C1CD}.Debug|x64.Build.0 = Debug|x64
		{3C1E6EE0-2437-4084-8F76-555A1BB5C1CD}.Debug|x64.Deploy.0 = Debug|x64
		{3C1E6EE0-2437-4084-8F76-555A1BB5C1CD}.Release|Win32.ActiveCfg = Release|Win32
		{3C1E6EE0-2437-4084-8F76-555A1BB5C1CD}.Release|Win32.Build.0 = Release|Win32
		{3C1E6EE0-2437-4084-8F76-555A1BB5C1CD}.Release|Win32.Deploy.0 = Release|Win32
		{3C1E6EE0-2437-4084-8F76-555A1BB5C1CD}.Release|x64.ActiveCfg = Release|x64
		{3C1E6EE0-2437-4084-8F76-555A1BB5C1CD}.Release|x64.Build.0 = Release|x64
		{3C1E6EE0-2437-4084-8F76-555A1BB5C1CD}.Release|x64.Deploy.0 = Release|x64
		{D92CE490-1F96-4BAE-B9F0-5D27DB74D963}.Debug|Win32.ActiveCfg = Debug|Win32
		{D92CE490-1F96-4BAE-B9F0-5D27DB74D963}.Debug|Win32.Build.0 = Debug|Win32
		{D92CE490-1F96-4BAE-B9F0-5D27DB74D963}.Debug|Win32.Deploy.0 = Debug|Win32
		{D92CE490-1F96-4BAE-B9F0-5D27DB74D963}.Debug|x64.ActiveCfg = Debug|x64
		{D92CE490-1F96-4BAE-B9F0-5D27DB74D963}.Debug|x64.Build.0 = Debug|x64
		{D92CE490-1F96-4BAE-B9F0-5D27DB74D963}.Debug|x64.Deploy.0 = Debug|x64
		{D92CE490-1F96-4BAE-B9F0-5D27DB74D963}.Release|Win32.ActiveCfg = Release|Win32
		{D92CE490-1F96-4BAE-B9F0-5D27DB74D963}.Release|Win32.Build.0 = Release|Win32
		{D92CE490-1F96-4BAE-B9F0-5D27DB74D963}.Release|Win32.Deploy.0 = Release|Win32
		{D92CE490-1F96-4BAE-B9F0-5D27DB74D963}.Release|x64.ActiveCfg = Release|x64
		{D92CE490-1F96-4BAE-B9F0-5D27DB74D963}.Release|x64.Build.0 = Release|x64
		{D92CE490-1F96-4BAE-B9F0-5D27DB74D963}.Release|x64.Deploy.0 = Release|x64
	EndGlobalSection
	GlobalSection(SolutionProperties) = preSolution
		HideSolutionNode = FALSE
	EndGlobalSection
EndGlobal
