
Microsoft Visual Studio Solution File, Format Version 11.00
# Visual Studio 2012
Project("{8BC9CEB8-8B4A-11D0-8D11-00A0C91BC942}") = "3d", "3d.vcxproj", "{776F529F-5392-4B7B-AEC1-F40121D7AABD}"
EndProject
Project("{8BC9CEB8-8B4A-11D0-8D11-00A0C91BC942}") = "asyncio", "asyncio.vcxproj", "{DFA65A02-3401-47B2-9D52-44275EB0743D}"
EndProject
Project("{8BC9CEB8-8B4A-11D0-8D11-00A0C91BC942}") = "channel_groups", "channel_groups.vcxproj", "{A12D2AE9-F540-4D7A-A48F-DB966301A180}"
EndProject
Project("{8BC9CEB8-8B4A-11D0-8D11-00A0C91BC942}") = "convolution_reverb", "convolution_reverb.vcxproj", "{4B313E0B-BDE1-46F8-A51C-9FD661E5EE06}"
EndProject
Project("{8BC9CEB8-8B4A-11D0-8D11-00A0C91BC942}") = "dsp_custom", "dsp_custom.vcxproj", "{A9B1D2EF-5D66-4435-9790-8760CEA7ED91}"
EndProject
Project("{8BC9CEB8-8B4A-11D0-8D11-00A0C91BC942}") = "dsp_effect_per_speaker", "dsp_effect_per_speaker.vcxproj", "{9F1F7351-44A5-4D42-995E-CA33B65DCC42}"
EndProject
Project("{8BC9CEB8-8B4A-11D0-8D11-00A0C91BC942}") = "dsp_inspector", "dsp_inspector.vcxproj", "{1FC2BDFA-0C24-43EC-8F59-BFE7374023F3}"
EndProject
Project("{8BC9CEB8-8B4A-11D0-8D11-00A0C91BC942}") = "effects", "effects.vcxproj", "{283FD70C-23C1-43B0-B2B8-76CAF5997CEA}"
EndProject
Project("{8BC9CEB8-8B4A-11D0-8D11-00A0C91BC942}") = "gapless_playback", "gapless_playback.vcxproj", "{436460D2-E60D-4273-AF1B-2C80A929F4B0}"
EndProject
Project("{8BC9CEB8-8B4A-11D0-8D11-00A0C91BC942}") = "generate_tone", "generate_tone.vcxproj", "{A6080406-49FD-4659-B51B-430BCC623BCE}"
EndProject
Project("{8BC9CEB8-8B4A-11D0-8D11-00A0C91BC942}") = "granular_synth", "granular_synth.vcxproj", "{C27A33EE-A729-4FD0-B757-9CBBF48EB3E8}"
EndProject
Project("{8BC9CEB8-8B4A-11D0-8D11-00A0C91BC942}") = "load_from_memory", "load_from_memory.vcxproj", "{3B1876B3-8D57-450C-B5F7-D42B8396F6F6}"
EndProject
Project("{8BC9CEB8-8B4A-11D0-8D11-00A0C91BC942}") = "multiple_speaker", "multiple_speaker.vcxproj", "{B3B29F89-1398-4C4B-BAE1-D3938938CB46}"
EndProject
Project("{8BC9CEB8-8B4A-11D0-8D11-00A0C91BC942}") = "multiple_system", "multiple_system.vcxproj", "{A6E6BBDB-EA44-40D8-8B0B-8C035D53494E}"
EndProject
Project("{8BC9CEB8-8B4A-11D0-8D11-00A0C91BC942}") = "net_stream", "net_stream.vcxproj", "{1FCE1F80-0F24-4164-B161-E9CC72A7581A}"
EndProject
Project("{8BC9CEB8-8B4A-11D0-8D11-00A0C91BC942}") = "play_sound", "play_sound.vcxproj", "{21EF99F9-ACF3-41D1-91D0-E67DAE3DA03C}"
EndProject
Project("{8BC9CEB8-8B4A-11D0-8D11-00A0C91BC942}") = "play_stream", "play_stream.vcxproj", "{1CD0C56F-1D2E-4BBC-B9CB-FF7DE2020131}"
EndProject
Project("{8BC9CEB8-8B4A-11D0-8D11-00A0C91BC942}") = "record", "record.vcxproj", "{CC7702F5-6456-457E-935E-D4E646CFA417}"
EndProject
Project("{8BC9CEB8-8B4A-11D0-8D11-00A0C91BC942}") = "record_enumeration", "record_enumeration.vcxproj", "{167F3F0A-AAE3-462E-8AA8-16C09CA5865F}"
EndProject
Project("{8BC9CEB8-8B4A-11D0-8D11-00A0C91BC942}") = "user_created_sound", "user_created_sound.vcxproj", "{E49F4868-CF15-478C-9A98-72068CD69D9A}"
EndProject
Project("{8BC9CEB8-8B4A-11D0-8D11-00A0C91BC942}") = "fmod_codec_raw", "fmod_codec_raw.vcxproj", "{44857C48-AC05-42AE-A4A2-759E4A22764C}"
EndProject
Project("{8BC9CEB8-8B4A-11D0-8D11-00A0C91BC942}") = "fmod_distance_filter", "fmod_distance_filter.vcxproj", "{020D5B28-F0FC-4ADB-877A-9F94D16B9D17}"
EndProject
Project("{8BC9CEB8-8B4A-11D0-8D11-00A0C91BC942}") = "fmod_gain", "fmod_gain.vcxproj", "{645F0789-34C4-4806-BC01-E5C9FD164DF2}"
EndProject
Project("{8BC9CEB8-8B4A-11D0-8D11-00A0C91BC942}") = "fmod_noise", "fmod_noise.vcxproj", "{5032684C-4414-4283-A036-1FA5016D66B0}"
EndProject
Project("{8BC9CEB8-8B4A-11D0-8D11-00A0C91BC942}") = "output_mp3", "output_mp3.vcxproj", "{A1CEB321-449E-4C90-BD99-E56EDB506EF8}"
EndProject
Global
	GlobalSection(SolutionConfigurationPlatforms) = preSolution
		Debug|Win32 = Debug|Win32
		Debug|x64 = Debug|x64
		Release|Win32 = Release|Win32
		Release|x64 = Release|x64
	EndGlobalSection
	GlobalSection(ProjectConfigurationPlatforms) = postSolution
		{776F529F-5392-4B7B-AEC1-F40121D7AABD}.Debug|Win32.ActiveCfg = Debug|Win32
		{776F529F-5392-4B7B-AEC1-F40121D7AABD}.Debug|Win32.Build.0 = Debug|Win32
		{776F529F-5392-4B7B-AEC1-F40121D7AABD}.Debug|Win32.Deploy.0 = Debug|Win32
		{776F529F-5392-4B7B-AEC1-F40121D7AABD}.Debug|x64.ActiveCfg = Debug|x64
		{776F529F-5392-4B7B-AEC1-F40121D7AABD}.Debug|x64.Build.0 = Debug|x64
		{776F529F-5392-4B7B-AEC1-F40121D7AABD}.Debug|x64.Deploy.0 = Debug|x64
		{776F529F-5392-4B7B-AEC1-F40121D7AABD}.Release|Win32.ActiveCfg = Release|Win32
		{776F529F-5392-4B7B-AEC1-F40121D7AABD}.Release|Win32.Build.0 = Release|Win32
		{776F529F-5392-4B7B-AEC1-F40121D7AABD}.Release|Win32.Deploy.0 = Release|Win32
		{776F529F-5392-4B7B-AEC1-F40121D7AABD}.Release|x64.ActiveCfg = Release|x64
		{776F529F-5392-4B7B-AEC1-F40121D7AABD}.Release|x64.Build.0 = Release|x64
		{776F529F-5392-4B7B-AEC1-F40121D7AABD}.Release|x64.Deploy.0 = Release|x64
		{DFA65A02-3401-47B2-9D52-44275EB0743D}.Debug|Win32.ActiveCfg = Debug|Win32
		{DFA65A02-3401-47B2-9D52-44275EB0743D}.Debug|Win32.Build.0 = Debug|Win32
		{DFA65A02-3401-47B2-9D52-44275EB0743D}.Debug|Win32.Deploy.0 = Debug|Win32
		{DFA65A02-3401-47B2-9D52-44275EB0743D}.Debug|x64.ActiveCfg = Debug|x64
		{DFA65A02-3401-47B2-9D52-44275EB0743D}.Debug|x64.Build.0 = Debug|x64
		{DFA65A02-3401-47B2-9D52-44275EB0743D}.Debug|x64.Deploy.0 = Debug|x64
		{DFA65A02-3401-47B2-9D52-44275EB0743D}.Release|Win32.ActiveCfg = Release|Win32
		{DFA65A02-3401-47B2-9D52-44275EB0743D}.Release|Win32.Build.0 = Release|Win32
		{DFA65A02-3401-47B2-9D52-44275EB0743D}.Release|Win32.Deploy.0 = Release|Win32
		{DFA65A02-3401-47B2-9D52-44275EB0743D}.Release|x64.ActiveCfg = Release|x64
		{DFA65A02-3401-47B2-9D52-44275EB0743D}.Release|x64.Build.0 = Release|x64
		{DFA65A02-3401-47B2-9D52-44275EB0743D}.Release|x64.Deploy.0 = Release|x64
		{A12D2AE9-F540-4D7A-A48F-DB966301A180}.Debug|Win32.ActiveCfg = Debug|Win32
		{A12D2AE9-F540-4D7A-A48F-DB966301A180}.Debug|Win32.Build.0 = Debug|Win32
		{A12D2AE9-F540-4D7A-A48F-DB966301A180}.Debug|Win32.Deploy.0 = Debug|Win32
		{A12D2AE9-F540-4D7A-A48F-DB966301A180}.Debug|x64.ActiveCfg = Debug|x64
		{A12D2AE9-F540-4D7A-A48F-DB966301A180}.Debug|x64.Build.0 = Debug|x64
		{A12D2AE9-F540-4D7A-A48F-DB966301A180}.Debug|x64.Deploy.0 = Debug|x64
		{A12D2AE9-F540-4D7A-A48F-DB966301A180}.Release|Win32.ActiveCfg = Release|Win32
		{A12D2AE9-F540-4D7A-A48F-DB966301A180}.Release|Win32.Build.0 = Release|Win32
		{A12D2AE9-F540-4D7A-A48F-DB966301A180}.Release|Win32.Deploy.0 = Release|Win32
		{A12D2AE9-F540-4D7A-A48F-DB966301A180}.Release|x64.ActiveCfg = Release|x64
		{A12D2AE9-F540-4D7A-A48F-DB966301A180}.Release|x64.Build.0 = Release|x64
		{A12D2AE9-F540-4D7A-A48F-DB966301A180}.Release|x64.Deploy.0 = Release|x64
		{4B313E0B-BDE1-46F8-A51C-9FD661E5EE06}.Debug|Win32.ActiveCfg = Debug|Win32
		{4B313E0B-BDE1-46F8-A51C-9FD661E5EE06}.Debug|Win32.Build.0 = Debug|Win32
		{4B313E0B-BDE1-46F8-A51C-9FD661E5EE06}.Debug|Win32.Deploy.0 = Debug|Win32
		{4B313E0B-BDE1-46F8-A51C-9FD661E5EE06}.Debug|x64.ActiveCfg = Debug|x64
		{4B313E0B-BDE1-46F8-A51C-9FD661E5EE06}.Debug|x64.Build.0 = Debug|x64
		{4B313E0B-BDE1-46F8-A51C-9FD661E5EE06}.Debug|x64.Deploy.0 = Debug|x64
		{4B313E0B-BDE1-46F8-A51C-9FD661E5EE06}.Release|Win32.ActiveCfg = Release|Win32
		{4B313E0B-BDE1-46F8-A51C-9FD661E5EE06}.Release|Win32.Build.0 = Release|Win32
		{4B313E0B-BDE1-46F8-A51C-9FD661E5EE06}.Release|Win32.Deploy.0 = Release|Win32
		{4B313E0B-BDE1-46F8-A51C-9FD661E5EE06}.Release|x64.ActiveCfg = Release|x64
		{4B313E0B-BDE1-46F8-A51C-9FD661E5EE06}.Release|x64.Build.0 = Release|x64
		{4B313E0B-BDE1-46F8-A51C-9FD661E5EE06}.Release|x64.Deploy.0 = Release|x64
		{A9B1D2EF-5D66-4435-9790-8760CEA7ED91}.Debug|Win32.ActiveCfg = Debug|Win32
		{A9B1D2EF-5D66-4435-9790-8760CEA7ED91}.Debug|Win32.Build.0 = Debug|Win32
		{A9B1D2EF-5D66-4435-9790-8760CEA7ED91}.Debug|Win32.Deploy.0 = Debug|Win32
		{A9B1D2EF-5D66-4435-9790-8760CEA7ED91}.Debug|x64.ActiveCfg = Debug|x64
		{A9B1D2EF-5D66-4435-9790-8760CEA7ED91}.Debug|x64.Build.0 = Debug|x64
		{A9B1D2EF-5D66-4435-9790-8760CEA7ED91}.Debug|x64.Deploy.0 = Debug|x64
		{A9B1D2EF-5D66-4435-9790-8760CEA7ED91}.Release|Win32.ActiveCfg = Release|Win32
		{A9B1D2EF-5D66-4435-9790-8760CEA7ED91}.Release|Win32.Build.0 = Release|Win32
		{A9B1D2EF-5D66-4435-9790-8760CEA7ED91}.Release|Win32.Deploy.0 = Release|Win32
		{A9B1D2EF-5D66-4435-9790-8760CEA7ED91}.Release|x64.ActiveCfg = Release|x64
		{A9B1D2EF-5D66-4435-9790-8760CEA7ED91}.Release|x64.Build.0 = Release|x64
		{A9B1D2EF-5D66-4435-9790-8760CEA7ED91}.Release|x64.Deploy.0 = Release|x64
		{9F1F7351-44A5-4D42-995E-CA33B65DCC42}.Debug|Win32.ActiveCfg = Debug|Win32
		{9F1F7351-44A5-4D42-995E-CA33B65DCC42}.Debug|Win32.Build.0 = Debug|Win32
		{9F1F7351-44A5-4D42-995E-CA33B65DCC42}.Debug|Win32.Deploy.0 = Debug|Win32
		{9F1F7351-44A5-4D42-995E-CA33B65DCC42}.Debug|x64.ActiveCfg = Debug|x64
		{9F1F7351-44A5-4D42-995E-CA33B65DCC42}.Debug|x64.Build.0 = Debug|x64
		{9F1F7351-44A5-4D42-995E-CA33B65DCC42}.Debug|x64.Deploy.0 = Debug|x64
		{9F1F7351-44A5-4D42-995E-CA33B65DCC42}.Release|Win32.ActiveCfg = Release|Win32
		{9F1F7351-44A5-4D42-995E-CA33B65DCC42}.Release|Win32.Build.0 = Release|Win32
		{9F1F7351-44A5-4D42-995E-CA33B65DCC42}.Release|Win32.Deploy.0 = Release|Win32
		{9F1F7351-44A5-4D42-995E-CA33B65DCC42}.Release|x64.ActiveCfg = Release|x64
		{9F1F7351-44A5-4D42-995E-CA33B65DCC42}.Release|x64.Build.0 = Release|x64
		{9F1F7351-44A5-4D42-995E-CA33B65DCC42}.Release|x64.Deploy.0 = Release|x64
		{1FC2BDFA-0C24-43EC-8F59-BFE7374023F3}.Debug|Win32.ActiveCfg = Debug|Win32
		{1FC2BDFA-0C24-43EC-8F59-BFE7374023F3}.Debug|Win32.Build.0 = Debug|Win32
		{1FC2BDFA-0C24-43EC-8F59-BFE7374023F3}.Debug|Win32.Deploy.0 = Debug|Win32
		{1FC2BDFA-0C24-43EC-8F59-BFE7374023F3}.Debug|x64.ActiveCfg = Debug|x64
		{1FC2BDFA-0C24-43EC-8F59-BFE7374023F3}.Debug|x64.Build.0 = Debug|x64
		{1FC2BDFA-0C24-43EC-8F59-BFE7374023F3}.Debug|x64.Deploy.0 = Debug|x64
		{1FC2BDFA-0C24-43EC-8F59-BFE7374023F3}.Release|Win32.ActiveCfg = Release|Win32
		{1FC2BDFA-0C24-43EC-8F59-BFE7374023F3}.Release|Win32.Build.0 = Release|Win32
		{1FC2BDFA-0C24-43EC-8F59-BFE7374023F3}.Release|Win32.Deploy.0 = Release|Win32
		{1FC2BDFA-0C24-43EC-8F59-BFE7374023F3}.Release|x64.ActiveCfg = Release|x64
		{1FC2BDFA-0C24-43EC-8F59-BFE7374023F3}.Release|x64.Build.0 = Release|x64
		{1FC2BDFA-0C24-43EC-8F59-BFE7374023F3}.Release|x64.Deploy.0 = Release|x64
		{283FD70C-23C1-43B0-B2B8-76CAF5997CEA}.Debug|Win32.ActiveCfg = Debug|Win32
		{283FD70C-23C1-43B0-B2B8-76CAF5997CEA}.Debug|Win32.Build.0 = Debug|Win32
		{283FD70C-23C1-43B0-B2B8-76CAF5997CEA}.Debug|Win32.Deploy.0 = Debug|Win32
		{283FD70C-23C1-43B0-B2B8-76CAF5997CEA}.Debug|x64.ActiveCfg = Debug|x64
		{283FD70C-23C1-43B0-B2B8-76CAF5997CEA}.Debug|x64.Build.0 = Debug|x64
		{283FD70C-23C1-43B0-B2B8-76CAF5997CEA}.Debug|x64.Deploy.0 = Debug|x64
		{283FD70C-23C1-43B0-B2B8-76CAF5997CEA}.Release|Win32.ActiveCfg = Release|Win32
		{283FD70C-23C1-43B0-B2B8-76CAF5997CEA}.Release|Win32.Build.0 = Release|Win32
		{283FD70C-23C1-43B0-B2B8-76CAF5997CEA}.Release|Win32.Deploy.0 = Release|Win32
		{283FD70C-23C1-43B0-B2B8-76CAF5997CEA}.Release|x64.ActiveCfg = Release|x64
		{283FD70C-23C1-43B0-B2B8-76CAF5997CEA}.Release|x64.Build.0 = Release|x64
		{283FD70C-23C1-43B0-B2B8-76CAF5997CEA}.Release|x64.Deploy.0 = Release|x64
		{436460D2-E60D-4273-AF1B-2C80A929F4B0}.Debug|Win32.ActiveCfg = Debug|Win32
		{436460D2-E60D-4273-AF1B-2C80A929F4B0}.Debug|Win32.Build.0 = Debug|Win32
		{436460D2-E60D-4273-AF1B-2C80A929F4B0}.Debug|Win32.Deploy.0 = Debug|Win32
		{436460D2-E60D-4273-AF1B-2C80A929F4B0}.Debug|x64.ActiveCfg = Debug|x64
		{436460D2-E60D-4273-AF1B-2C80A929F4B0}.Debug|x64.Build.0 = Debug|x64
		{436460D2-E60D-4273-AF1B-2C80A929F4B0}.Debug|x64.Deploy.0 = Debug|x64
		{436460D2-E60D-4273-AF1B-2C80A929F4B0}.Release|Win32.ActiveCfg = Release|Win32
		{436460D2-E60D-4273-AF1B-2C80A929F4B0}.Release|Win32.Build.0 = Release|Win32
		{436460D2-E60D-4273-AF1B-2C80A929F4B0}.Release|Win32.Deploy.0 = Release|Win32
		{436460D2-E60D-4273-AF1B-2C80A929F4B0}.Release|x64.ActiveCfg = Release|x64
		{436460D2-E60D-4273-AF1B-2C80A929F4B0}.Release|x64.Build.0 = Release|x64
		{436460D2-E60D-4273-AF1B-2C80A929F4B0}.Release|x64.Deploy.0 = Release|x64
		{A6080406-49FD-4659-B51B-430BCC623BCE}.Debug|Win32.ActiveCfg = Debug|Win32
		{A6080406-49FD-4659-B51B-430BCC623BCE}.Debug|Win32.Build.0 = Debug|Win32
		{A6080406-49FD-4659-B51B-430BCC623BCE}.Debug|Win32.Deploy.0 = Debug|Win32
		{A6080406-49FD-4659-B51B-430BCC623BCE}.Debug|x64.ActiveCfg = Debug|x64
		{A6080406-49FD-4659-B51B-430BCC623BCE}.Debug|x64.Build.0 = Debug|x64
		{A6080406-49FD-4659-B51B-430BCC623BCE}.Debug|x64.Deploy.0 = Debug|x64
		{A6080406-49FD-4659-B51B-430BCC623BCE}.Release|Win32.ActiveCfg = Release|Win32
		{A6080406-49FD-4659-B51B-430BCC623BCE}.Release|Win32.Build.0 = Release|Win32
		{A6080406-49FD-4659-B51B-430BCC623BCE}.Release|Win32.Deploy.0 = Release|Win32
		{A6080406-49FD-4659-B51B-430BCC623BCE}.Release|x64.ActiveCfg = Release|x64
		{A6080406-49FD-4659-B51B-430BCC623BCE}.Release|x64.Build.0 = Release|x64
		{A6080406-49FD-4659-B51B-430BCC623BCE}.Release|x64.Deploy.0 = Release|x64
		{C27A33EE-A729-4FD0-B757-9CBBF48EB3E8}.Debug|Win32.ActiveCfg = Debug|Win32
		{C27A33EE-A729-4FD0-B757-9CBBF48EB3E8}.Debug|Win32.Build.0 = Debug|Win32
		{C27A33EE-A729-4FD0-B757-9CBBF48EB3E8}.Debug|Win32.Deploy.0 = Debug|Win32
		{C27A33EE-A729-4FD0-B757-9CBBF48EB3E8}.Debug|x64.ActiveCfg = Debug|x64
		{C27A33EE-A729-4FD0-B757-9CBBF48EB3E8}.Debug|x64.Build.0 = Debug|x64
		{C27A33EE-A729-4FD0-B757-9CBBF48EB3E8}.Debug|x64.Deploy.0 = Debug|x64
		{C27A33EE-A729-4FD0-B757-9CBBF48EB3E8}.Release|Win32.ActiveCfg = Release|Win32
		{C27A33EE-A729-4FD0-B757-9CBBF48EB3E8}.Release|Win32.Build.0 = Release|Win32
		{C27A33EE-A729-4FD0-B757-9CBBF48EB3E8}.Release|Win32.Deploy.0 = Release|Win32
		{C27A33EE-A729-4FD0-B757-9CBBF48EB3E8}.Release|x64.ActiveCfg = Release|x64
		{C27A33EE-A729-4FD0-B757-9CBBF48EB3E8}.Release|x64.Build.0 = Release|x64
		{C27A33EE-A729-4FD0-B757-9CBBF48EB3E8}.Release|x64.Deploy.0 = Release|x64
		{3B1876B3-8D57-450C-B5F7-D42B8396F6F6}.Debug|Win32.ActiveCfg = Debug|Win32
		{3B1876B3-8D57-450C-B5F7-D42B8396F6F6}.Debug|Win32.Build.0 = Debug|Win32
		{3B1876B3-8D57-450C-B5F7-D42B8396F6F6}.Debug|Win32.Deploy.0 = Debug|Win32
		{3B1876B3-8D57-450C-B5F7-D42B8396F6F6}.Debug|x64.ActiveCfg = Debug|x64
		{3B1876B3-8D57-450C-B5F7-D42B8396F6F6}.Debug|x64.Build.0 = Debug|x64
		{3B1876B3-8D57-450C-B5F7-D42B8396F6F6}.Debug|x64.Deploy.0 = Debug|x64
		{3B1876B3-8D57-450C-B5F7-D42B8396F6F6}.Release|Win32.ActiveCfg = Release|Win32
		{3B1876B3-8D57-450C-B5F7-D42B8396F6F6}.Release|Win32.Build.0 = Release|Win32
		{3B1876B3-8D57-450C-B5F7-D42B8396F6F6}.Release|Win32.Deploy.0 = Release|Win32
		{3B1876B3-8D57-450C-B5F7-D42B8396F6F6}.Release|x64.ActiveCfg = Release|x64
		{3B1876B3-8D57-450C-B5F7-D42B8396F6F6}.Release|x64.Build.0 = Release|x64
		{3B1876B3-8D57-450C-B5F7-D42B8396F6F6}.Release|x64.Deploy.0 = Release|x64
		{B3B29F89-1398-4C4B-BAE1-D3938938CB46}.Debug|Win32.ActiveCfg = Debug|Win32
		{B3B29F89-1398-4C4B-BAE1-D3938938CB46}.Debug|Win32.Build.0 = Debug|Win32
		{B3B29F89-1398-4C4B-BAE1-D3938938CB46}.Debug|Win32.Deploy.0 = Debug|Win32
		{B3B29F89-1398-4C4B-BAE1-D3938938CB46}.Debug|x64.ActiveCfg = Debug|x64
		{B3B29F89-1398-4C4B-BAE1-D3938938CB46}.Debug|x64.Build.0 = Debug|x64
		{B3B29F89-1398-4C4B-BAE1-D3938938CB46}.Debug|x64.Deploy.0 = Debug|x64
		{B3B29F89-1398-4C4B-BAE1-D3938938CB46}.Release|Win32.ActiveCfg = Release|Win32
		{B3B29F89-1398-4C4B-BAE1-D3938938CB46}.Release|Win32.Build.0 = Release|Win32
		{B3B29F89-1398-4C4B-BAE1-D3938938CB46}.Release|Win32.Deploy.0 = Release|Win32
		{B3B29F89-1398-4C4B-BAE1-D3938938CB46}.Release|x64.ActiveCfg = Release|x64
		{B3B29F89-1398-4C4B-BAE1-D3938938CB46}.Release|x64.Build.0 = Release|x64
		{B3B29F89-1398-4C4B-BAE1-D3938938CB46}.Release|x64.Deploy.0 = Release|x64
		{A6E6BBDB-EA44-40D8-8B0B-8C035D53494E}.Debug|Win32.ActiveCfg = Debug|Win32
		{A6E6BBDB-EA44-40D8-8B0B-8C035D53494E}.Debug|Win32.Build.0 = Debug|Win32
		{A6E6BBDB-EA44-40D8-8B0B-8C035D53494E}.Debug|Win32.Deploy.0 = Debug|Win32
		{A6E6BBDB-EA44-40D8-8B0B-8C035D53494E}.Debug|x64.ActiveCfg = Debug|x64
		{A6E6BBDB-EA44-40D8-8B0B-8C035D53494E}.Debug|x64.Build.0 = Debug|x64
		{A6E6BBDB-EA44-40D8-8B0B-8C035D53494E}.Debug|x64.Deploy.0 = Debug|x64
		{A6E6BBDB-EA44-40D8-8B0B-8C035D53494E}.Release|Win32.ActiveCfg = Release|Win32
		{A6E6BBDB-EA44-40D8-8B0B-8C035D53494E}.Release|Win32.Build.0 = Release|Win32
		{A6E6BBDB-EA44-40D8-8B0B-8C035D53494E}.Release|Win32.Deploy.0 = Release|Win32
		{A6E6BBDB-EA44-40D8-8B0B-8C035D53494E}.Release|x64.ActiveCfg = Release|x64
		{A6E6BBDB-EA44-40D8-8B0B-8C035D53494E}.Release|x64.Build.0 = Release|x64
		{A6E6BBDB-EA44-40D8-8B0B-8C035D53494E}.Release|x64.Deploy.0 = Release|x64
		{1FCE1F80-0F24-4164-B161-E9CC72A7581A}.Debug|Win32.ActiveCfg = Debug|Win32
		{1FCE1F80-0F24-4164-B161-E9CC72A7581A}.Debug|Win32.Build.0 = Debug|Win32
		{1FCE1F80-0F24-4164-B161-E9CC72A7581A}.Debug|Win32.Deploy.0 = Debug|Win32
		{1FCE1F80-0F24-4164-B161-E9CC72A7581A}.Debug|x64.ActiveCfg = Debug|x64
		{1FCE1F80-0F24-4164-B161-E9CC72A7581A}.Debug|x64.Build.0 = Debug|x64
		{1FCE1F80-0F24-4164-B161-E9CC72A7581A}.Debug|x64.Deploy.0 = Debug|x64
		{1FCE1F80-0F24-4164-B161-E9CC72A7581A}.Release|Win32.ActiveCfg = Release|Win32
		{1FCE1F80-0F24-4164-B161-E9CC72A7581A}.Release|Win32.Build.0 = Release|Win32
		{1FCE1F80-0F24-4164-B161-E9CC72A7581A}.Release|Win32.Deploy.0 = Release|Win32
		{1FCE1F80-0F24-4164-B161-E9CC72A7581A}.Release|x64.ActiveCfg = Release|x64
		{1FCE1F80-0F24-4164-B161-E9CC72A7581A}.Release|x64.Build.0 = Release|x64
		{1FCE1F80-0F24-4164-B161-E9CC72A7581A}.Release|x64.Deploy.0 = Release|x64
		{21EF99F9-ACF3-41D1-91D0-E67DAE3DA03C}.Debug|Win32.ActiveCfg = Debug|Win32
		{21EF99F9-ACF3-41D1-91D0-E67DAE3DA03C}.Debug|Win32.Build.0 = Debug|Win32
		{21EF99F9-ACF3-41D1-91D0-E67DAE3DA03C}.Debug|Win32.Deploy.0 = Debug|Win32
		{21EF99F9-ACF3-41D1-91D0-E67DAE3DA03C}.Debug|x64.ActiveCfg = Debug|x64
		{21EF99F9-ACF3-41D1-91D0-E67DAE3DA03C}.Debug|x64.Build.0 = Debug|x64
		{21EF99F9-ACF3-41D1-91D0-E67DAE3DA03C}.Debug|x64.Deploy.0 = Debug|x64
		{21EF99F9-ACF3-41D1-91D0-E67DAE3DA03C}.Release|Win32.ActiveCfg = Release|Win32
		{21EF99F9-ACF3-41D1-91D0-E67DAE3DA03C}.Release|Win32.Build.0 = Release|Win32
		{21EF99F9-ACF3-41D1-91D0-E67DAE3DA03C}.Release|Win32.Deploy.0 = Release|Win32
		{21EF99F9-ACF3-41D1-91D0-E67DAE3DA03C}.Release|x64.ActiveCfg = Release|x64
		{21EF99F9-ACF3-41D1-91D0-E67DAE3DA03C}.Release|x64.Build.0 = Release|x64
		{21EF99F9-ACF3-41D1-91D0-E67DAE3DA03C}.Release|x64.Deploy.0 = Release|x64
		{1CD0C56F-1D2E-4BBC-B9CB-FF7DE2020131}.Debug|Win32.ActiveCfg = Debug|Win32
		{1CD0C56F-1D2E-4BBC-B9CB-FF7DE2020131}.Debug|Win32.Build.0 = Debug|Win32
		{1CD0C56F-1D2E-4BBC-B9CB-FF7DE2020131}.Debug|Win32.Deploy.0 = Debug|Win32
		{1CD0C56F-1D2E-4BBC-B9CB-FF7DE2020131}.Debug|x64.ActiveCfg = Debug|x64
		{1CD0C56F-1D2E-4BBC-B9CB-FF7DE2020131}.Debug|x64.Build.0 = Debug|x64
		{1CD0C56F-1D2E-4BBC-B9CB-FF7DE2020131}.Debug|x64.Deploy.0 = Debug|x64
		{1CD0C56F-1D2E-4BBC-B9CB-FF7DE2020131}.Release|Win32.ActiveCfg = Release|Win32
		{1CD0C56F-1D2E-4BBC-B9CB-FF7DE2020131}.Release|Win32.Build.0 = Release|Win32
		{1CD0C56F-1D2E-4BBC-B9CB-FF7DE2020131}.Release|Win32.Deploy.0 = Release|Win32
		{1CD0C56F-1D2E-4BBC-B9CB-FF7DE2020131}.Release|x64.ActiveCfg = Release|x64
		{1CD0C56F-1D2E-4BBC-B9CB-FF7DE2020131}.Release|x64.Build.0 = Release|x64
		{1CD0C56F-1D2E-4BBC-B9CB-FF7DE2020131}.Release|x64.Deploy.0 = Release|x64
		{CC7702F5-6456-457E-935E-D4E646CFA417}.Debug|Win32.ActiveCfg = Debug|Win32
		{CC7702F5-6456-457E-935E-D4E646CFA417}.Debug|Win32.Build.0 = Debug|Win32
		{CC7702F5-6456-457E-935E-D4E646CFA417}.Debug|Win32.Deploy.0 = Debug|Win32
		{CC7702F5-6456-457E-935E-D4E646CFA417}.Debug|x64.ActiveCfg = Debug|x64
		{CC7702F5-6456-457E-935E-D4E646CFA417}.Debug|x64.Build.0 = Debug|x64
		{CC7702F5-6456-457E-935E-D4E646CFA417}.Debug|x64.Deploy.0 = Debug|x64
		{CC7702F5-6456-457E-935E-D4E646CFA417}.Release|Win32.ActiveCfg = Release|Win32
		{CC7702F5-6456-457E-935E-D4E646CFA417}.Release|Win32.Build.0 = Release|Win32
		{CC7702F5-6456-457E-935E-D4E646CFA417}.Release|Win32.Deploy.0 = Release|Win32
		{CC7702F5-6456-457E-935E-D4E646CFA417}.Release|x64.ActiveCfg = Release|x64
		{CC7702F5-6456-457E-935E-D4E646CFA417}.Release|x64.Build.0 = Release|x64
		{CC7702F5-6456-457E-935E-D4E646CFA417}.Release|x64.Deploy.0 = Release|x64
		{167F3F0A-AAE3-462E-8AA8-16C09CA5865F}.Debug|Win32.ActiveCfg = Debug|Win32
		{167F3F0A-AAE3-462E-8AA8-16C09CA5865F}.Debug|Win32.Build.0 = Debug|Win32
		{167F3F0A-AAE3-462E-8AA8-16C09CA5865F}.Debug|Win32.Deploy.0 = Debug|Win32
		{167F3F0A-AAE3-462E-8AA8-16C09CA5865F}.Debug|x64.ActiveCfg = Debug|x64
		{167F3F0A-AAE3-462E-8AA8-16C09CA5865F}.Debug|x64.Build.0 = Debug|x64
		{167F3F0A-AAE3-462E-8AA8-16C09CA5865F}.Debug|x64.Deploy.0 = Debug|x64
		{167F3F0A-AAE3-462E-8AA8-16C09CA5865F}.Release|Win32.ActiveCfg = Release|Win32
		{167F3F0A-AAE3-462E-8AA8-16C09CA5865F}.Release|Win32.Build.0 = Release|Win32
		{167F3F0A-AAE3-462E-8AA8-16C09CA5865F}.Release|Win32.Deploy.0 = Release|Win32
		{167F3F0A-AAE3-462E-8AA8-16C09CA5865F}.Release|x64.ActiveCfg = Release|x64
		{167F3F0A-AAE3-462E-8AA8-16C09CA5865F}.Release|x64.Build.0 = Release|x64
		{167F3F0A-AAE3-462E-8AA8-16C09CA5865F}.Release|x64.Deploy.0 = Release|x64
		{E49F4868-CF15-478C-9A98-72068CD69D9A}.Debug|Win32.ActiveCfg = Debug|Win32
		{E49F4868-CF15-478C-9A98-72068CD69D9A}.Debug|Win32.Build.0 = Debug|Win32
		{E49F4868-CF15-478C-9A98-72068CD69D9A}.Debug|Win32.Deploy.0 = Debug|Win32
		{E49F4868-CF15-478C-9A98-72068CD69D9A}.Debug|x64.ActiveCfg = Debug|x64
		{E49F4868-CF15-478C-9A98-72068CD69D9A}.Debug|x64.Build.0 = Debug|x64
		{E49F4868-CF15-478C-9A98-72068CD69D9A}.Debug|x64.Deploy.0 = Debug|x64
		{E49F4868-CF15-478C-9A98-72068CD69D9A}.Release|Win32.ActiveCfg = Release|Win32
		{E49F4868-CF15-478C-9A98-72068CD69D9A}.Release|Win32.Build.0 = Release|Win32
		{E49F4868-CF15-478C-9A98-72068CD69D9A}.Release|Win32.Deploy.0 = Release|Win32
		{E49F4868-CF15-478C-9A98-72068CD69D9A}.Release|x64.ActiveCfg = Release|x64
		{E49F4868-CF15-478C-9A98-72068CD69D9A}.Release|x64.Build.0 = Release|x64
		{E49F4868-CF15-478C-9A98-72068CD69D9A}.Release|x64.Deploy.0 = Release|x64
		{44857C48-AC05-42AE-A4A2-759E4A22764C}.Debug|Win32.ActiveCfg = Debug|Win32
		{44857C48-AC05-42AE-A4A2-759E4A22764C}.Debug|Win32.Build.0 = Debug|Win32
		{44857C48-AC05-42AE-A4A2-759E4A22764C}.Debug|Win32.Deploy.0 = Debug|Win32
		{44857C48-AC05-42AE-A4A2-759E4A22764C}.Debug|x64.ActiveCfg = Debug|x64
		{44857C48-AC05-42AE-A4A2-759E4A22764C}.Debug|x64.Build.0 = Debug|x64
		{44857C48-AC05-42AE-A4A2-759E4A22764C}.Debug|x64.Deploy.0 = Debug|x64
		{44857C48-AC05-42AE-A4A2-759E4A22764C}.Release|Win32.ActiveCfg = Release|Win32
		{44857C48-AC05-42AE-A4A2-759E4A22764C}.Release|Win32.Build.0 = Release|Win32
		{44857C48-AC05-42AE-A4A2-759E4A22764C}.Release|Win32.Deploy.0 = Release|Win32
		{44857C48-AC05-42AE-A4A2-759E4A22764C}.Release|x64.ActiveCfg = Release|x64
		{44857C48-AC05-42AE-A4A2-759E4A22764C}.Release|x64.Build.0 = Release|x64
		{44857C48-AC05-42AE-A4A2-759E4A22764C}.Release|x64.Deploy.0 = Release|x64
		{020D5B28-F0FC-4ADB-877A-9F94D16B9D17}.Debug|Win32.ActiveCfg = Debug|Win32
		{020D5B28-F0FC-4ADB-877A-9F94D16B9D17}.Debug|Win32.Build.0 = Debug|Win32
		{020D5B28-F0FC-4ADB-877A-9F94D16B9D17}.Debug|Win32.Deploy.0 = Debug|Win32
		{020D5B28-F0FC-4ADB-877A-9F94D16B9D17}.Debug|x64.ActiveCfg = Debug|x64
		{020D5B28-F0FC-4ADB-877A-9F94D16B9D17}.Debug|x64.Build.0 = Debug|x64
		{020D5B28-F0FC-4ADB-877A-9F94D16B9D17}.Debug|x64.Deploy.0 = Debug|x64
		{020D5B28-F0FC-4ADB-877A-9F94D16B9D17}.Release|Win32.ActiveCfg = Release|Win32
		{020D5B28-F0FC-4ADB-877A-9F94D16B9D17}.Release|Win32.Build.0 = Release|Win32
		{020D5B28-F0FC-4ADB-877A-9F94D16B9D17}.Release|Win32.Deploy.0 = Release|Win32
		{020D5B28-F0FC-4ADB-877A-9F94D16B9D17}.Release|x64.ActiveCfg = Release|x64
		{020D5B28-F0FC-4ADB-877A-9F94D16B9D17}.Release|x64.Build.0 = Release|x64
		{020D5B28-F0FC-4ADB-877A-9F94D16B9D17}.Release|x64.Deploy.0 = Release|x64
		{645F0789-34C4-4806-BC01-E5C9FD164DF2}.Debug|Win32.ActiveCfg = Debug|Win32
		{645F0789-34C4-4806-BC01-E5C9FD164DF2}.Debug|Win32.Build.0 = Debug|Win32
		{645F0789-34C4-4806-BC01-E5C9FD164DF2}.Debug|Win32.Deploy.0 = Debug|Win32
		{645F0789-34C4-4806-BC01-E5C9FD164DF2}.Debug|x64.ActiveCfg = Debug|x64
		{645F0789-34C4-4806-BC01-E5C9FD164DF2}.Debug|x64.Build.0 = Debug|x64
		{645F0789-34C4-4806-BC01-E5C9FD164DF2}.Debug|x64.Deploy.0 = Debug|x64
		{645F0789-34C4-4806-BC01-E5C9FD164DF2}.Release|Win32.ActiveCfg = Release|Win32
		{645F0789-34C4-4806-BC01-E5C9FD164DF2}.Release|Win32.Build.0 = Release|Win32
		{645F0789-34C4-4806-BC01-E5C9FD164DF2}.Release|Win32.Deploy.0 = Release|Win32
		{645F0789-34C4-4806-BC01-E5C9FD164DF2}.Release|x64.ActiveCfg = Release|x64
		{645F0789-34C4-4806-BC01-E5C9FD164DF2}.Release|x64.Build.0 = Release|x64
		{645F0789-34C4-4806-BC01-E5C9FD164DF2}.Release|x64.Deploy.0 = Release|x64
		{5032684C-4414-4283-A036-1FA5016D66B0}.Debug|Win32.ActiveCfg = Debug|Win32
		{5032684C-4414-4283-A036-1FA5016D66B0}.Debug|Win32.Build.0 = Debug|Win32
		{5032684C-4414-4283-A036-1FA5016D66B0}.Debug|Win32.Deploy.0 = Debug|Win32
		{5032684C-4414-4283-A036-1FA5016D66B0}.Debug|x64.ActiveCfg = Debug|x64
		{5032684C-4414-4283-A036-1FA5016D66B0}.Debug|x64.Build.0 = Debug|x64
		{5032684C-4414-4283-A036-1FA5016D66B0}.Debug|x64.Deploy.0 = Debug|x64
		{5032684C-4414-4283-A036-1FA5016D66B0}.Release|Win32.ActiveCfg = Release|Win32
		{5032684C-4414-4283-A036-1FA5016D66B0}.Release|Win32.Build.0 = Release|Win32
		{5032684C-4414-4283-A036-1FA5016D66B0}.Release|Win32.Deploy.0 = Release|Win32
		{5032684C-4414-4283-A036-1FA5016D66B0}.Release|x64.ActiveCfg = Release|x64
		{5032684C-4414-4283-A036-1FA5016D66B0}.Release|x64.Build.0 = Release|x64
		{5032684C-4414-4283-A036-1FA5016D66B0}.Release|x64.Deploy.0 = Release|x64
		{A1CEB321-449E-4C90-BD99-E56EDB506EF8}.Debug|Win32.ActiveCfg = Debug|Win32
		{A1CEB321-449E-4C90-BD99-E56EDB506EF8}.Debug|Win32.Build.0 = Debug|Win32
		{A1CEB321-449E-4C90-BD99-E56EDB506EF8}.Debug|Win32.Deploy.0 = Debug|Win32
		{A1CEB321-449E-4C90-BD99-E56EDB506EF8}.Debug|x64.ActiveCfg = Debug|x64
		{A1CEB321-449E-4C90-BD99-E56EDB506EF8}.Debug|x64.Build.0 = Debug|x64
		{A1CEB321-449E-4C90-BD99-E56EDB506EF8}.Debug|x64.Deploy.0 = Debug|x64
		{A1CEB321-449E-4C90-BD99-E56EDB506EF8}.Release|Win32.ActiveCfg = Release|Win32
		{A1CEB321-449E-4C90-BD99-E56EDB506EF8}.Release|Win32.Build.0 = Release|Win32
		{A1CEB321-449E-4C90-BD99-E56EDB506EF8}.Release|Win32.Deploy.0 = Release|Win32
		{A1CEB321-449E-4C90-BD99-E56EDB506EF8}.Release|x64.ActiveCfg = Release|x64
		{A1CEB321-449E-4C90-BD99-E56EDB506EF8}.Release|x64.Build.0 = Release|x64
		{A1CEB321-449E-4C90-BD99-E56EDB506EF8}.Release|x64.Deploy.0 = Release|x64
	EndGlobalSection
	GlobalSection(SolutionProperties) = preSolution
		HideSolutionNode = FALSE
	EndGlobalSection
EndGlobal
